
Microsoft Visual Studio Solution File, Format Version 12.00
# Visual Studio Version 17
VisualStudioVersion = 17.11.35303.130
MinimumVisualStudioVersion = 10.0.40219.1
Project("{FAE04EC0-301F-11D3-BF4B-00C04F79EFBC}") = "Mastermind", "Mastermind\Mastermind.csproj", "{06C09F53-0D0D-43A1-A9A9-B96C52FFCE26}"
EndProject
Global
	GlobalSection(SolutionConfigurationPlatforms) = preSolution
		Debug|Any CPU = Debug|Any CPU
		Release|Any CPU = Release|Any CPU
	EndGlobalSection
	GlobalSection(ProjectConfigurationPlatforms) = postSolution
		{06C09F53-0D0D-43A1-A9A9-B96C52FFCE26}.Debug|Any CPU.ActiveCfg = Debug|Any CPU
		{06C09F53-0D0D-43A1-A9A9-B96C52FFCE26}.Debug|Any CPU.Build.0 = Debug|Any CPU
		{06C09F53-0D0D-43A1-A9A9-B96C52FFCE26}.Release|Any CPU.ActiveCfg = Release|Any CPU
		{06C09F53-0D0D-43A1-A9A9-B96C52FFCE26}.Release|Any CPU.Build.0 = Release|Any CPU
	EndGlobalSection
	GlobalSection(SolutionProperties) = preSolution
		HideSolutionNode = FALSE
	EndGlobalSection
	GlobalSection(ExtensibilityGlobals) = postSolution
		SolutionGuid = {926A2D59-60D4-4FC1-872C-79832FAFBF81}
	EndGlobalSection
EndGlobal
